
Microsoft Visual Studio Solution File, Format Version 12.00
# Visual Studio 15
VisualStudioVersion = 15.0.28307.705
MinimumVisualStudioVersion = 10.0.40219.1
Project("{8BC9CEB8-8B4A-11D0-8D11-00A0C91BC942}") = "Launcher", "Launcher\Launcher.vcxproj", "{1F1D9050-D463-49E7-B70C-87145E81100E}"
EndProject
Project("{8BC9CEB8-8B4A-11D0-8D11-00A0C91BC942}") = "Module", "Module\Module.vcxproj", "{7A4EF434-55CA-467A-A603-6FCF48397CBF}"
EndProject
Project("{8BC9CEB8-8B4A-11D0-8D11-00A0C91BC942}") = "Service", "Service\Service.vcxproj", "{775407FC-F998-4FBD-A0F5-C4B44976CB10}"
EndProject
Project("{8BC9CEB8-8B4A-11D0-8D11-00A0C91BC942}") = "Driver", "Driver\Driver.vcxproj", "{5EE65EAC-CC75-4A77-AB60-3B31249B28C0}"
EndProject
Project("{8BC9CEB8-8B4A-11D0-8D11-00A0C91BC942}") = "Game", "Game\Game.vcxproj", "{5F67F83B-3779-40DB-BDE2-1C700C75CB33}"
EndProject
Project("{888888A0-9F3D-457C-B088-3A5042F75D52}") = "Server", "Server\Server.pyproj", "{28A71176-F747-4609-8444-A8C00439EDF8}"
EndProject
Global
	GlobalSection(SolutionConfigurationPlatforms) = preSolution
		Debug|Any CPU = Debug|Any CPU
		Debug|ARM = Debug|ARM
		Debug|ARM64 = Debug|ARM64
		Debug|x64 = Debug|x64
		Debug|x86 = Debug|x86
		Release|Any CPU = Release|Any CPU
		Release|ARM = Release|ARM
		Release|ARM64 = Release|ARM64
		Release|x64 = Release|x64
		Release|x86 = Release|x86
	EndGlobalSection
	GlobalSection(ProjectConfigurationPlatforms) = postSolution
		{1F1D9050-D463-49E7-B70C-87145E81100E}.Debug|Any CPU.ActiveCfg = Debug|Win32
		{1F1D9050-D463-49E7-B70C-87145E81100E}.Debug|ARM.ActiveCfg = Debug|Win32
		{1F1D9050-D463-49E7-B70C-87145E81100E}.Debug|ARM64.ActiveCfg = Debug|Win32
		{1F1D9050-D463-49E7-B70C-87145E81100E}.Debug|x64.ActiveCfg = Debug|x64
		{1F1D9050-D463-49E7-B70C-87145E81100E}.Debug|x64.Build.0 = Debug|x64
		{1F1D9050-D463-49E7-B70C-87145E81100E}.Debug|x86.ActiveCfg = Debug|Win32
		{1F1D9050-D463-49E7-B70C-87145E81100E}.Debug|x86.Build.0 = Debug|Win32
		{1F1D9050-D463-49E7-B70C-87145E81100E}.Release|Any CPU.ActiveCfg = Release|Win32
		{1F1D9050-D463-49E7-B70C-87145E81100E}.Release|ARM.ActiveCfg = Release|Win32
		{1F1D9050-D463-49E7-B70C-87145E81100E}.Release|ARM64.ActiveCfg = Release|Win32
		{1F1D9050-D463-49E7-B70C-87145E81100E}.Release|x64.ActiveCfg = Release|x64
		{1F1D9050-D463-49E7-B70C-87145E81100E}.Release|x64.Build.0 = Release|x64
		{1F1D9050-D463-49E7-B70C-87145E81100E}.Release|x86.ActiveCfg = Release|Win32
		{1F1D9050-D463-49E7-B70C-87145E81100E}.Release|x86.Build.0 = Release|Win32
		{7A4EF434-55CA-467A-A603-6FCF48397CBF}.Debug|Any CPU.ActiveCfg = Debug|Win32
		{7A4EF434-55CA-467A-A603-6FCF48397CBF}.Debug|ARM.ActiveCfg = Debug|Win32
		{7A4EF434-55CA-467A-A603-6FCF48397CBF}.Debug|ARM64.ActiveCfg = Debug|Win32
		{7A4EF434-55CA-467A-A603-6FCF48397CBF}.Debug|x64.ActiveCfg = Debug|x64
		{7A4EF434-55CA-467A-A603-6FCF48397CBF}.Debug|x64.Build.0 = Debug|x64
		{7A4EF434-55CA-467A-A603-6FCF48397CBF}.Debug|x86.ActiveCfg = Debug|Win32
		{7A4EF434-55CA-467A-A603-6FCF48397CBF}.Release|Any CPU.ActiveCfg = Release|Win32
		{7A4EF434-55CA-467A-A603-6FCF48397CBF}.Release|ARM.ActiveCfg = Release|Win32
		{7A4EF434-55CA-467A-A603-6FCF48397CBF}.Release|ARM64.ActiveCfg = Release|Win32
		{7A4EF434-55CA-467A-A603-6FCF48397CBF}.Release|x64.ActiveCfg = Release|x64
		{7A4EF434-55CA-467A-A603-6FCF48397CBF}.Release|x86.ActiveCfg = Release|Win32
		{775407FC-F998-4FBD-A0F5-C4B44976CB10}.Debug|Any CPU.ActiveCfg = Debug|Win32
		{775407FC-F998-4FBD-A0F5-C4B44976CB10}.Debug|ARM.ActiveCfg = Debug|Win32
		{775407FC-F998-4FBD-A0F5-C4B44976CB10}.Debug|ARM64.ActiveCfg = Debug|Win32
		{775407FC-F998-4FBD-A0F5-C4B44976CB10}.Debug|x64.ActiveCfg = Debug|x64
		{775407FC-F998-4FBD-A0F5-C4B44976CB10}.Debug|x64.Build.0 = Debug|x64
		{775407FC-F998-4FBD-A0F5-C4B44976CB10}.Debug|x86.ActiveCfg = Debug|Win32
		{775407FC-F998-4FBD-A0F5-C4B44976CB10}.Debug|x86.Build.0 = Debug|Win32
		{775407FC-F998-4FBD-A0F5-C4B44976CB10}.Release|Any CPU.ActiveCfg = Release|Win32
		{775407FC-F998-4FBD-A0F5-C4B44976CB10}.Release|ARM.ActiveCfg = Release|Win32
		{775407FC-F998-4FBD-A0F5-C4B44976CB10}.Release|ARM64.ActiveCfg = Release|Win32
		{775407FC-F998-4FBD-A0F5-C4B44976CB10}.Release|x64.ActiveCfg = Release|x64
		{775407FC-F998-4FBD-A0F5-C4B44976CB10}.Release|x64.Build.0 = Release|x64
		{775407FC-F998-4FBD-A0F5-C4B44976CB10}.Release|x86.ActiveCfg = Release|Win32
		{5EE65EAC-CC75-4A77-AB60-3B31249B28C0}.Debug|Any CPU.ActiveCfg = Debug|Win32
		{5EE65EAC-CC75-4A77-AB60-3B31249B28C0}.Debug|ARM.ActiveCfg = Debug|ARM
		{5EE65EAC-CC75-4A77-AB60-3B31249B28C0}.Debug|ARM.Build.0 = Debug|ARM
		{5EE65EAC-CC75-4A77-AB60-3B31249B28C0}.Debug|ARM.Deploy.0 = Debug|ARM
		{5EE65EAC-CC75-4A77-AB60-3B31249B28C0}.Debug|ARM64.ActiveCfg = Debug|ARM64
		{5EE65EAC-CC75-4A77-AB60-3B31249B28C0}.Debug|ARM64.Build.0 = Debug|ARM64
		{5EE65EAC-CC75-4A77-AB60-3B31249B28C0}.Debug|ARM64.Deploy.0 = Debug|ARM64
		{5EE65EAC-CC75-4A77-AB60-3B31249B28C0}.Debug|x64.ActiveCfg = Debug|x64
		{5EE65EAC-CC75-4A77-AB60-3B31249B28C0}.Debug|x64.Build.0 = Debug|x64
		{5EE65EAC-CC75-4A77-AB60-3B31249B28C0}.Debug|x64.Deploy.0 = Debug|x64
		{5EE65EAC-CC75-4A77-AB60-3B31249B28C0}.Debug|x86.ActiveCfg = Debug|Win32
		{5EE65EAC-CC75-4A77-AB60-3B31249B28C0}.Release|Any CPU.ActiveCfg = Release|Win32
		{5EE65EAC-CC75-4A77-AB60-3B31249B28C0}.Release|ARM.ActiveCfg = Release|ARM
		{5EE65EAC-CC75-4A77-AB60-3B31249B28C0}.Release|ARM.Build.0 = Release|ARM
		{5EE65EAC-CC75-4A77-AB60-3B31249B28C0}.Release|ARM.Deploy.0 = Release|ARM
		{5EE65EAC-CC75-4A77-AB60-3B31249B28C0}.Release|ARM64.ActiveCfg = Release|ARM64
		{5EE65EAC-CC75-4A77-AB60-3B31249B28C0}.Release|ARM64.Build.0 = Release|ARM64
		{5EE65EAC-CC75-4A77-AB60-3B31249B28C0}.Release|ARM64.Deploy.0 = Release|ARM64
		{5EE65EAC-CC75-4A77-AB60-3B31249B28C0}.Release|x64.ActiveCfg = Release|x64
		{5EE65EAC-CC75-4A77-AB60-3B31249B28C0}.Release|x64.Deploy.0 = Release|x64
		{5EE65EAC-CC75-4A77-AB60-3B31249B28C0}.Release|x86.ActiveCfg = Release|x64
		{5F67F83B-3779-40DB-BDE2-1C700C75CB33}.Debug|Any CPU.ActiveCfg = Debug|Win32
		{5F67F83B-3779-40DB-BDE2-1C700C75CB33}.Debug|ARM.ActiveCfg = Debug|Win32
		{5F67F83B-3779-40DB-BDE2-1C700C75CB33}.Debug|ARM64.ActiveCfg = Debug|Win32
		{5F67F83B-3779-40DB-BDE2-1C700C75CB33}.Debug|x64.ActiveCfg = Debug|x64
		{5F67F83B-3779-40DB-BDE2-1C700C75CB33}.Debug|x64.Build.0 = Debug|x64
		{5F67F83B-3779-40DB-BDE2-1C700C75CB33}.Debug|x86.ActiveCfg = Debug|Win32
		{5F67F83B-3779-40DB-BDE2-1C700C75CB33}.Debug|x86.Build.0 = Debug|Win32
		{5F67F83B-3779-40DB-BDE2-1C700C75CB33}.Release|Any CPU.ActiveCfg = Release|Win32
		{5F67F83B-3779-40DB-BDE2-1C700C75CB33}.Release|ARM.ActiveCfg = Release|Win32
		{5F67F83B-3779-40DB-BDE2-1C700C75CB33}.Release|ARM64.ActiveCfg = Release|Win32
		{5F67F83B-3779-40DB-BDE2-1C700C75CB33}.Release|x64.ActiveCfg = Release|x64
		{5F67F83B-3779-40DB-BDE2-1C700C75CB33}.Release|x64.Build.0 = Release|x64
		{5F67F83B-3779-40DB-BDE2-1C700C75CB33}.Release|x86.ActiveCfg = Release|Win32
		{28A71176-F747-4609-8444-A8C00439EDF8}.Debug|Any CPU.ActiveCfg = Debug|Any CPU
		{28A71176-F747-4609-8444-A8C00439EDF8}.Debug|ARM.ActiveCfg = Debug|Any CPU
		{28A71176-F747-4609-8444-A8C00439EDF8}.Debug|ARM64.ActiveCfg = Debug|Any CPU
		{28A71176-F747-4609-8444-A8C00439EDF8}.Debug|x64.ActiveCfg = Debug|Any CPU
		{28A71176-F747-4609-8444-A8C00439EDF8}.Debug|x86.ActiveCfg = Debug|Any CPU
		{28A71176-F747-4609-8444-A8C00439EDF8}.Release|Any CPU.ActiveCfg = Release|Any CPU
		{28A71176-F747-4609-8444-A8C00439EDF8}.Release|ARM.ActiveCfg = Release|Any CPU
		{28A71176-F747-4609-8444-A8C00439EDF8}.Release|ARM64.ActiveCfg = Release|Any CPU
		{28A71176-F747-4609-8444-A8C00439EDF8}.Release|x64.ActiveCfg = Release|Any CPU
		{28A71176-F747-4609-8444-A8C00439EDF8}.Release|x86.ActiveCfg = Release|Any CPU
	EndGlobalSection
	GlobalSection(SolutionProperties) = preSolution
		HideSolutionNode = FALSE
	EndGlobalSection
	GlobalSection(ExtensibilityGlobals) = postSolution
		SolutionGuid = {55AC1ABA-BEA3-4682-A3AF-F5E6AA7D40E7}
	EndGlobalSection
EndGlobal
