<?xml version="1.0" encoding="utf-8"?>
<Project ToolsVersion="4.0" xmlns="http://schemas.microsoft.com/developer/msbuild/2003">
  <ItemGroup>
    <Filter Include="Arquivos de Origem">
      <UniqueIdentifier>{4FC737F1-C7A5-4376-A066-2A32D752A2FF}</UniqueIdentifier>
      <Extensions>cpp;c;cc;cxx;def;odl;idl;hpj;bat;asm;asmx</Extensions>
    </Filter>
    <Filter Include="Arquivos de Cabeçalho">
      <UniqueIdentifier>{93995380-89BD-4b04-88EB-625FBE52EBFB}</UniqueIdentifier>
      <Extensions>h;hh;hpp;hxx;hm;inl;inc;ipp;xsd</Extensions>
    </Filter>
    <Filter Include="Arquivos de Recurso">
      <UniqueIdentifier>{67DA6AB6-F800-4c08-8B7A-83BB121AAD01}</UniqueIdentifier>
      <Extensions>rc;ico;cur;bmp;dlg;rc2;rct;bin;rgs;gif;jpg;jpeg;jpe;resx;tiff;tif;png;wav;mfcribbon-ms</Extensions>
    </Filter>
    <Filter Include="NamedPipe">
      <UniqueIdentifier>{1226f76e-1860-452c-a3a6-a6f359ceca46}</UniqueIdentifier>
    </Filter>
    <Filter Include="Globals">
      <UniqueIdentifier>{f0f2dad8-f567-459a-bbb5-d455c1e1ed23}</UniqueIdentifier>
    </Filter>
    <Filter Include="DriverManager">
      <UniqueIdentifier>{7e058e45-9508-4aa7-ae03-80c2652ee47f}</UniqueIdentifier>
    </Filter>
    <Filter Include="ThirdParty">
      <UniqueIdentifier>{607541ac-462b-4e0c-9ad8-6064e455af65}</UniqueIdentifier>
    </Filter>
    <Filter Include="ThirdParty\AES">
      <UniqueIdentifier>{73d96da4-5cc4-4067-9dde-272026f1a0c9}</UniqueIdentifier>
    </Filter>
  </ItemGroup>
  <ItemGroup>
    <ClCompile Include="Main.cpp">
      <Filter>Arquivos de Origem</Filter>
    </ClCompile>
    <ClCompile Include="PipeServer.cpp">
      <Filter>NamedPipe</Filter>
    </ClCompile>
    <ClCompile Include="stdafx.cpp">
      <Filter>Arquivos de Origem</Filter>
    </ClCompile>
    <ClCompile Include="DriverManager.cpp">
      <Filter>DriverManager</Filter>
    </ClCompile>
    <ClCompile Include="..\ThirdParty\AES\AES.cpp">
      <Filter>ThirdParty\AES</Filter>
    </ClCompile>
  </ItemGroup>
  <ItemGroup>
    <ClInclude Include="PipeServer.h">
      <Filter>NamedPipe</Filter>
    </ClInclude>
    <ClInclude Include="stdafx.h">
      <Filter>Arquivos de Cabeçalho</Filter>
    </ClInclude>
    <ClInclude Include="Main.h">
      <Filter>Arquivos de Cabeçalho</Filter>
    </ClInclude>
    <ClInclude Include="Variables.h">
      <Filter>Globals</Filter>
    </ClInclude>
    <ClInclude Include="DebugTools.h">
      <Filter>Arquivos de Cabeçalho</Filter>
    </ClInclude>
    <ClInclude Include="DriverManager.h">
      <Filter>DriverManager</Filter>
    </ClInclude>
    <ClInclude Include="..\ThirdParty\AES\AES.h">
      <Filter>ThirdParty\AES</Filter>
    </ClInclude>
  </ItemGroup>
</Project>